
Microsoft Visual Studio Solution File, Format Version 12.00
# Visual Studio 2012
Project("{FAE04EC0-301F-11D3-BF4B-00C04F79EFBC}") = "ReportDesigner", "ReportDesigner\ReportDesigner.csproj", "{FDA7422B-0FA0-43D2-9819-E9C43C4DE798}"
EndProject
Project("{FAE04EC0-301F-11D3-BF4B-00C04F79EFBC}") = "RibbonBarModule", "RibbonBarModule\RibbonBarModule.csproj", "{1F2572BB-235C-4BD1-9F92-83377A532701}"
EndProject
Project("{FAE04EC0-301F-11D3-BF4B-00C04F79EFBC}") = "ContentModule", "ContentModule\ContentModule.csproj", "{1F87D5AC-42FD-460D-8EBF-EA1D783AA681}"
EndProject
Project("{FAE04EC0-301F-11D3-BF4B-00C04F79EFBC}") = "ToolBoxModule", "ToolBoxModule\ToolBoxModule.csproj", "{5D663D1C-E55C-40D6-AC35-E17E6ED273B7}"
EndProject
Project("{FAE04EC0-301F-11D3-BF4B-00C04F79EFBC}") = "PropertiesModule", "PropertiesModule\PropertiesModule.csproj", "{4AFE94BD-6E48-4479-A508-EA9FE02AA55B}"
EndProject
Global
	GlobalSection(SolutionConfigurationPlatforms) = preSolution
		Debug|Any CPU = Debug|Any CPU
		Release|Any CPU = Release|Any CPU
	EndGlobalSection
	GlobalSection(ProjectConfigurationPlatforms) = postSolution
		{FDA7422B-0FA0-43D2-9819-E9C43C4DE798}.Debug|Any CPU.ActiveCfg = Debug|Any CPU
		{FDA7422B-0FA0-43D2-9819-E9C43C4DE798}.Debug|Any CPU.Build.0 = Debug|Any CPU
		{FDA7422B-0FA0-43D2-9819-E9C43C4DE798}.Release|Any CPU.ActiveCfg = Release|Any CPU
		{FDA7422B-0FA0-43D2-9819-E9C43C4DE798}.Release|Any CPU.Build.0 = Release|Any CPU
		{1F2572BB-235C-4BD1-9F92-83377A532701}.Debug|Any CPU.ActiveCfg = Debug|Any CPU
		{1F2572BB-235C-4BD1-9F92-83377A532701}.Debug|Any CPU.Build.0 = Debug|Any CPU
		{1F2572BB-235C-4BD1-9F92-83377A532701}.Release|Any CPU.ActiveCfg = Release|Any CPU
		{1F2572BB-235C-4BD1-9F92-83377A532701}.Release|Any CPU.Build.0 = Release|Any CPU
		{1F87D5AC-42FD-460D-8EBF-EA1D783AA681}.Debug|Any CPU.ActiveCfg = Debug|Any CPU
		{1F87D5AC-42FD-460D-8EBF-EA1D783AA681}.Debug|Any CPU.Build.0 = Debug|Any CPU
		{1F87D5AC-42FD-460D-8EBF-EA1D783AA681}.Release|Any CPU.ActiveCfg = Release|Any CPU
		{1F87D5AC-42FD-460D-8EBF-EA1D783AA681}.Release|Any CPU.Build.0 = Release|Any CPU
		{5D663D1C-E55C-40D6-AC35-E17E6ED273B7}.Debug|Any CPU.ActiveCfg = Debug|Any CPU
		{5D663D1C-E55C-40D6-AC35-E17E6ED273B7}.Debug|Any CPU.Build.0 = Debug|Any CPU
		{5D663D1C-E55C-40D6-AC35-E17E6ED273B7}.Release|Any CPU.ActiveCfg = Release|Any CPU
		{5D663D1C-E55C-40D6-AC35-E17E6ED273B7}.Release|Any CPU.Build.0 = Release|Any CPU
		{4AFE94BD-6E48-4479-A508-EA9FE02AA55B}.Debug|Any CPU.ActiveCfg = Debug|Any CPU
		{4AFE94BD-6E48-4479-A508-EA9FE02AA55B}.Debug|Any CPU.Build.0 = Debug|Any CPU
		{4AFE94BD-6E48-4479-A508-EA9FE02AA55B}.Release|Any CPU.ActiveCfg = Release|Any CPU
		{4AFE94BD-6E48-4479-A508-EA9FE02AA55B}.Release|Any CPU.Build.0 = Release|Any CPU
	EndGlobalSection
	GlobalSection(SolutionProperties) = preSolution
		HideSolutionNode = FALSE
	EndGlobalSection
EndGlobal
